
Microsoft Visual Studio Solution File, Format Version 12.00
# Visual Studio Version 17
VisualStudioVersion = 17.14.36408.4
MinimumVisualStudioVersion = 10.0.40219.1
Project("{FAE04EC0-301F-11D3-BF4B-00C04F79EFBC}") = "Mesch.Jyro", "Mesch.Jyro\Mesch.Jyro.csproj", "{78DC9310-8B7E-4EC7-9BED-9D1729CDCBE4}"
EndProject
Project("{FAE04EC0-301F-11D3-BF4B-00C04F79EFBC}") = "Mesch.Jyro.Tests", "Mesch.Jyro.Tests\Mesch.Jyro.Tests.csproj", "{16E4D8E6-2469-4213-8ED3-3CA22BAF2965}"
EndProject
Global
	GlobalSection(SolutionConfigurationPlatforms) = preSolution
		Debug|Any CPU = Debug|Any CPU
		Release|Any CPU = Release|Any CPU
	EndGlobalSection
	GlobalSection(ProjectConfigurationPlatforms) = postSolution
		{78DC9310-8B7E-4EC7-9BED-9D1729CDCBE4}.Debug|Any CPU.ActiveCfg = Debug|Any CPU
		{78DC9310-8B7E-4EC7-9BED-9D1729CDCBE4}.Debug|Any CPU.Build.0 = Debug|Any CPU
		{78DC9310-8B7E-4EC7-9BED-9D1729CDCBE4}.Release|Any CPU.ActiveCfg = Release|Any CPU
		{78DC9310-8B7E-4EC7-9BED-9D1729CDCBE4}.Release|Any CPU.Build.0 = Release|Any CPU
		{16E4D8E6-2469-4213-8ED3-3CA22BAF2965}.Debug|Any CPU.ActiveCfg = Debug|Any CPU
		{16E4D8E6-2469-4213-8ED3-3CA22BAF2965}.Debug|Any CPU.Build.0 = Debug|Any CPU
		{16E4D8E6-2469-4213-8ED3-3CA22BAF2965}.Release|Any CPU.ActiveCfg = Release|Any CPU
		{16E4D8E6-2469-4213-8ED3-3CA22BAF2965}.Release|Any CPU.Build.0 = Release|Any CPU
	EndGlobalSection
	GlobalSection(SolutionProperties) = preSolution
		HideSolutionNode = FALSE
	EndGlobalSection
	GlobalSection(ExtensibilityGlobals) = postSolution
		SolutionGuid = {16EDB063-CB43-4D42-9E60-85CB8C0A34FD}
	EndGlobalSection
EndGlobal
